
Microsoft Visual Studio Solution File, Format Version 12.00
# Visual Studio 15
VisualStudioVersion = 15.0.27703.2042
MinimumVisualStudioVersion = 10.0.40219.1
Project("{FAE04EC0-301F-11D3-BF4B-00C04F79EFBC}") = "GridDesigner", "GridDesigner\GridDesigner.csproj", "{F1F0D33D-0061-4AC6-B367-6C42ED8152BB}"
EndProject
Global
	GlobalSection(SolutionConfigurationPlatforms) = preSolution
		Debug|Any CPU = Debug|Any CPU
		Release|Any CPU = Release|Any CPU
	EndGlobalSection
	GlobalSection(ProjectConfigurationPlatforms) = postSolution
		{F1F0D33D-0061-4AC6-B367-6C42ED8152BB}.Debug|Any CPU.ActiveCfg = Debug|Any CPU
		{F1F0D33D-0061-4AC6-B367-6C42ED8152BB}.Debug|Any CPU.Build.0 = Debug|Any CPU
		{F1F0D33D-0061-4AC6-B367-6C42ED8152BB}.Release|Any CPU.ActiveCfg = Release|Any CPU
		{F1F0D33D-0061-4AC6-B367-6C42ED8152BB}.Release|Any CPU.Build.0 = Release|Any CPU
	EndGlobalSection
	GlobalSection(SolutionProperties) = preSolution
		HideSolutionNode = FALSE
	EndGlobalSection
	GlobalSection(ExtensibilityGlobals) = postSolution
		SolutionGuid = {C2DD7FA8-4586-46A7-9CF6-3B6286F50495}
	EndGlobalSection
EndGlobal
